Microsoft Visual Studio Solution File, Format Version 12.00
# Visual Studio Version 17
VisualStudioVersion = 17.0.32112.339
MinimumVisualStudioVersion = 10.0.40219.1
Project("{2150E333-8FDC-42A3-9474-1A3956D46DE8}") = ".Global", ".Global", "{786595AD-3403-4D91-B756-1900D6F43AE9}"
	ProjectSection(SolutionItems) = preProject
		.editorconfig = .editorconfig
		.gitignore = .gitignore
		Directory.Build.props = Directory.Build.props
		LICENSE = LICENSE
		README.md = README.md
		Version.txt = Version.txt
	EndProjectSection
EndProject
Project("{2150E333-8FDC-42A3-9474-1A3956D46DE8}") = "Standalone", "Standalone", "{5C0188F2-57BE-4CB1-BA64-17A37106735E}"
EndProject
Project("{9A19103F-16F7-4668-BE54-9A1E7A4F7556}") = "EasyHook", "EasyHook\EasyHook.csproj", "{AB53862B-3B5C-4EFC-9787-1F01199EBFBF}"
EndProject
Project("{9A19103F-16F7-4668-BE54-9A1E7A4F7556}") = "EasyHookSvc", "EasyHookSvc\EasyHookSvc.csproj", "{B9A68E47-237F-4045-A371-D5CCEB896F7F}"
EndProject
Project("{9A19103F-16F7-4668-BE54-9A1E7A4F7556}") = "ManagedTest", "Test\ManagedTest\ManagedTest.csproj", "{E23BE1E6-DC9D-4755-890E-443EA7B736FB}"
EndProject
Project("{9A19103F-16F7-4668-BE54-9A1E7A4F7556}") = "ProcessMonitor", "Examples\ProcessMonitor\ProcessMonitor.csproj", "{8E795877-473B-4376-8F9C-2519464D6B18}"
EndProject
Project("{9A19103F-16F7-4668-BE54-9A1E7A4F7556}") = "ProcMonInject", "Examples\ProcMonInject\ProcMonInject.csproj", "{64A83DDB-3B66-46C5-8CCF-7A00173F8D3F}"
EndProject
Project("{9A19103F-16F7-4668-BE54-9A1E7A4F7556}") = "FileMon", "Examples\FileMon\FileMon.csproj", "{56B9A390-F320-4224-BFE3-380DDAC2370F}"
EndProject
Project("{9A19103F-16F7-4668-BE54-9A1E7A4F7556}") = "FileMonInject", "Examples\FileMonInject\FileMonInject.csproj", "{CA462E5D-8A32-42EA-9DBD-C256D22FDA21}"
EndProject
Project("{8BC9CEB8-8B4A-11D0-8D11-00A0C91BC942}") = "UnmanagedHook", "Examples\UnmanagedHook\UnmanagedHook.vcxproj", "{7D74973E-8B83-42D3-B2EA-795AA0076C9F}"
	ProjectSection(ProjectDependencies) = postProject
		{8390DFD6-9D3B-43F8-A6A3-1FCB6D13BF5D} = {8390DFD6-9D3B-43F8-A6A3-1FCB6D13BF5D}
		{AB53862B-3B5C-4EFC-9787-1F01199EBFBF} = {AB53862B-3B5C-4EFC-9787-1F01199EBFBF}
		{E64D63C1-559F-4D4B-A140-24036FE67246} = {E64D63C1-559F-4D4B-A140-24036FE67246}
	EndProjectSection
EndProject
Project("{9A19103F-16F7-4668-BE54-9A1E7A4F7556}") = "ManagedTarget", "Test\ManagedTarget\ManagedTarget.csproj", "{DF97D96B-DB03-44DE-8C59-DE14E1FAA2C2}"
EndProject
Project("{9A19103F-16F7-4668-BE54-9A1E7A4F7556}") = "ComplexParameterTest", "Test\ComplexParameterTest\ComplexParameterTest.csproj", "{B02AB185-2D23-4903-9246-F32951F726D2}"
EndProject
Project("{2150E333-8FDC-42A3-9474-1A3956D46DE8}") = "Test", "Test", "{9AA72FC5-310D-4EE3-8CB3-12167230C8D1}"
EndProject
Project("{9A19103F-16F7-4668-BE54-9A1E7A4F7556}") = "ComplexParameterInject", "Test\ComplexParameterInject\ComplexParameterInject.csproj", "{86354361-2016-4CB7-81B0-A980A1480791}"
EndProject
Project("{9A19103F-16F7-4668-BE54-9A1E7A4F7556}") = "EasyLoad", "EasyLoad\EasyLoad.csproj", "{A563904A-09F4-40AB-AE16-9EC9B488EAE5}"
EndProject
Project("{9A19103F-16F7-4668-BE54-9A1E7A4F7556}") = "TestFuncHooks", "Test\TestFuncHooks\TestFuncHooks.csproj", "{DE6016B0-780A-4003-879A-9A25B4E09FF0}"
EndProject
Project("{9A19103F-16F7-4668-BE54-9A1E7A4F7556}") = "EasyHook.Tests", "Test\EasyHook.Tests\EasyHook.Tests.csproj", "{47300078-8EE5-46C3-AC98-8F72F7A22F4D}"
	ProjectSection(ProjectDependencies) = postProject
		{40253A99-C2A7-42B2-A983-FC1956578430} = {40253A99-C2A7-42B2-A983-FC1956578430}
		{8E795877-473B-4376-8F9C-2519464D6B18} = {8E795877-473B-4376-8F9C-2519464D6B18}
		{AF266E66-3B75-4C30-A000-6EBD6C1EF6F8} = {AF266E66-3B75-4C30-A000-6EBD6C1EF6F8}
		{DF97D96B-DB03-44DE-8C59-DE14E1FAA2C2} = {DF97D96B-DB03-44DE-8C59-DE14E1FAA2C2}
		{E23BE1E6-DC9D-4755-890E-443EA7B736FB} = {E23BE1E6-DC9D-4755-890E-443EA7B736FB}
	EndProjectSection
EndProject
Project("{2150E333-8FDC-42A3-9474-1A3956D46DE8}") = "Hooks", "Hooks", "{8F65BAF3-1731-4D6E-B31F-48EB23B219CB}"
EndProject
Project("{9A19103F-16F7-4668-BE54-9A1E7A4F7556}") = "MultipleHooks", "Test\MultipleHooks\MultipleHooks\MultipleHooks.csproj", "{39B96905-9022-433C-96DB-E51F316F025D}"
EndProject
Project("{9A19103F-16F7-4668-BE54-9A1E7A4F7556}") = "SimpleHook1", "Test\MultipleHooks\SimpleHook1\SimpleHook1.csproj", "{40253A99-C2A7-42B2-A983-FC1956578430}"
EndProject
Project("{9A19103F-16F7-4668-BE54-9A1E7A4F7556}") = "SimpleHook2", "Test\MultipleHooks\SimpleHook2\SimpleHook2.csproj", "{AF266E66-3B75-4C30-A000-6EBD6C1EF6F8}"
EndProject
Project("{2150E333-8FDC-42A3-9474-1A3956D46DE8}") = ".github", ".github", "{EB81D9AA-F69A-4E03-BC6B-18379F7F714C}"
EndProject
Project("{2150E333-8FDC-42A3-9474-1A3956D46DE8}") = "workflows", "workflows", "{621DCCF4-E5C7-4272-AEC7-D39B01A43CD4}"
	ProjectSection(SolutionItems) = preProject
		.github\workflows\easyhook.default.yml = .github\workflows\easyhook.default.yml
	EndProjectSection
EndProject
Project("{2150E333-8FDC-42A3-9474-1A3956D46DE8}") = "EasyHook", "EasyHook", "{E515AB90-A9B5-4812-8F78-1E1E0DEDF095}"
EndProject
Project("{2150E333-8FDC-42A3-9474-1A3956D46DE8}") = "Parameters", "Parameters", "{A5B9FE41-4CA2-4FAF-80C9-EF21A408911D}"
EndProject
Project("{2150E333-8FDC-42A3-9474-1A3956D46DE8}") = "Managed", "Managed", "{9F98E09E-FA05-41A1-8931-8DEBC656123F}"
EndProject
Project("{2150E333-8FDC-42A3-9474-1A3956D46DE8}") = "Driver", "Driver", "{11721CC8-4BC7-4399-A6D5-F0414E7FC6D0}"
EndProject
Project("{8BC9CEB8-8B4A-11D0-8D11-00A0C91BC942}") = "EasyHookSys", "EasyHookSys\EasyHookSys.vcxproj", "{7C7F0062-5FF4-4343-846E-97702C6E6577}"
EndProject
Project("{8BC9CEB8-8B4A-11D0-8D11-00A0C91BC942}") = "TestDriver", "Examples\TestDriver\TestDriver.vcxproj", "{C33F2A0C-001E-446B-9291-0515DB0C8769}"
EndProject
Project("{8BC9CEB8-8B4A-11D0-8D11-00A0C91BC942}") = "TestInstallPackage", "Examples\TestDriver\TestInstallPackage\TestInstallPackage.vcxproj", "{70058B57-2AC6-4E19-BB15-33E577C99C48}"
	ProjectSection(ProjectDependencies) = postProject
		{47300078-8EE5-46C3-AC98-8F72F7A22F4D} = {47300078-8EE5-46C3-AC98-8F72F7A22F4D}
		{8390DFD6-9D3B-43F8-A6A3-1FCB6D13BF5D} = {8390DFD6-9D3B-43F8-A6A3-1FCB6D13BF5D}
		{A563904A-09F4-40AB-AE16-9EC9B488EAE5} = {A563904A-09F4-40AB-AE16-9EC9B488EAE5}
		{AB53862B-3B5C-4EFC-9787-1F01199EBFBF} = {AB53862B-3B5C-4EFC-9787-1F01199EBFBF}
		{B9A68E47-237F-4045-A371-D5CCEB896F7F} = {B9A68E47-237F-4045-A371-D5CCEB896F7F}
		{E64D63C1-559F-4D4B-A140-24036FE67246} = {E64D63C1-559F-4D4B-A140-24036FE67246}
	EndProjectSection
EndProject
Project("{2150E333-8FDC-42A3-9474-1A3956D46DE8}") = "Tests", "Tests", "{815F6BE3-83F9-407C-AE1C-B7B3686D804B}"
EndProject
Project("{8BC9CEB8-8B4A-11D0-8D11-00A0C91BC942}") = "EasyHookDll_32", "EasyHookDll\EasyHookDll_32.vcxproj", "{E64D63C1-559F-4D4B-A140-24036FE67246}"
EndProject
Project("{8BC9CEB8-8B4A-11D0-8D11-00A0C91BC942}") = "EasyHookDll_64", "EasyHookDll\EasyHookDll_64.vcxproj", "{8390DFD6-9D3B-43F8-A6A3-1FCB6D13BF5D}"
EndProject
Global
	GlobalSection(SolutionConfigurationPlatforms) = preSolution
		Debug|x64 = Debug|x64
		Debug|x86 = Debug|x86
		Release|x64 = Release|x64
		Release|x86 = Release|x86
	EndGlobalSection
	GlobalSection(ProjectConfigurationPlatforms) = postSolution
		{39B96905-9022-433C-96DB-E51F316F025D}.Debug|x86.ActiveCfg = Debug|x86
		{39B96905-9022-433C-96DB-E51F316F025D}.Debug|x86.Build.0 = Debug|x86
		{39B96905-9022-433C-96DB-E51F316F025D}.Release|x86.ActiveCfg = Release|x86
		{39B96905-9022-433C-96DB-E51F316F025D}.Release|x86.Build.0 = Release|x86
		{40253A99-C2A7-42B2-A983-FC1956578430}.Debug|x86.ActiveCfg = Debug|x86
		{40253A99-C2A7-42B2-A983-FC1956578430}.Debug|x86.Build.0 = Debug|x86
		{40253A99-C2A7-42B2-A983-FC1956578430}.Release|x86.ActiveCfg = Release|x86
		{40253A99-C2A7-42B2-A983-FC1956578430}.Release|x86.Build.0 = Release|x86
		{47300078-8EE5-46C3-AC98-8F72F7A22F4D}.Debug|x64.Build.0 = Debug|x64
		{47300078-8EE5-46C3-AC98-8F72F7A22F4D}.Debug|x86.ActiveCfg = Debug|x86
		{47300078-8EE5-46C3-AC98-8F72F7A22F4D}.Debug|x86.Build.0 = Debug|x86
		{47300078-8EE5-46C3-AC98-8F72F7A22F4D}.Release|x86.ActiveCfg = Release|x86
		{47300078-8EE5-46C3-AC98-8F72F7A22F4D}.Release|x86.Build.0 = Release|x86
		{56B9A390-F320-4224-BFE3-380DDAC2370F}.Debug|x86.ActiveCfg = Debug|x86
		{56B9A390-F320-4224-BFE3-380DDAC2370F}.Debug|x86.Build.0 = Debug|x86
		{56B9A390-F320-4224-BFE3-380DDAC2370F}.Release|x86.ActiveCfg = Release|x86
		{56B9A390-F320-4224-BFE3-380DDAC2370F}.Release|x86.Build.0 = Release|x86
		{64A83DDB-3B66-46C5-8CCF-7A00173F8D3F}.Debug|x86.ActiveCfg = Debug|x86
		{64A83DDB-3B66-46C5-8CCF-7A00173F8D3F}.Debug|x86.Build.0 = Debug|x86
		{64A83DDB-3B66-46C5-8CCF-7A00173F8D3F}.Release|x86.ActiveCfg = Release|x86
		{64A83DDB-3B66-46C5-8CCF-7A00173F8D3F}.Release|x86.Build.0 = Release|x86
		{70058B57-2AC6-4E19-BB15-33E577C99C48}.Debug|x86.ActiveCfg = Debug|x64
		{70058B57-2AC6-4E19-BB15-33E577C99C48}.Debug|x86.Build.0 = Debug|x64
		{70058B57-2AC6-4E19-BB15-33E577C99C48}.Debug|x86.Deploy.0 = Debug|x64
		{70058B57-2AC6-4E19-BB15-33E577C99C48}.Release|x86.ActiveCfg = Release|x64
		{70058B57-2AC6-4E19-BB15-33E577C99C48}.Release|x86.Build.0 = Release|x64
		{70058B57-2AC6-4E19-BB15-33E577C99C48}.Release|x86.Deploy.0 = Release|x64
		{7C7F0062-5FF4-4343-846E-97702C6E6577}.Debug|x86.ActiveCfg = Debug|x64
		{7C7F0062-5FF4-4343-846E-97702C6E6577}.Debug|x86.Build.0 = Debug|x64
		{7C7F0062-5FF4-4343-846E-97702C6E6577}.Debug|x86.Deploy.0 = Debug|x64
		{7C7F0062-5FF4-4343-846E-97702C6E6577}.Release|x86.ActiveCfg = Release|x64
		{7C7F0062-5FF4-4343-846E-97702C6E6577}.Release|x86.Build.0 = Release|x64
		{7C7F0062-5FF4-4343-846E-97702C6E6577}.Release|x86.Deploy.0 = Release|x64
		{7D74973E-8B83-42D3-B2EA-795AA0076C9F}.Debug|x86.ActiveCfg = Debug|x64
		{7D74973E-8B83-42D3-B2EA-795AA0076C9F}.Debug|x86.Build.0 = Debug|x64
		{7D74973E-8B83-42D3-B2EA-795AA0076C9F}.Release|x86.ActiveCfg = Release|x64
		{7D74973E-8B83-42D3-B2EA-795AA0076C9F}.Release|x86.Build.0 = Release|x64
		{8390DFD6-9D3B-43F8-A6A3-1FCB6D13BF5D}.Debug|x64.ActiveCfg = Debug|x64
		{8390DFD6-9D3B-43F8-A6A3-1FCB6D13BF5D}.Debug|x64.Build.0 = Debug|x64
		{8390DFD6-9D3B-43F8-A6A3-1FCB6D13BF5D}.Debug|x86.ActiveCfg = Debug|x64
		{8390DFD6-9D3B-43F8-A6A3-1FCB6D13BF5D}.Debug|x86.Build.0 = Debug|x64
		{8390DFD6-9D3B-43F8-A6A3-1FCB6D13BF5D}.Release|x64.ActiveCfg = Release|x64
		{8390DFD6-9D3B-43F8-A6A3-1FCB6D13BF5D}.Release|x64.Build.0 = Release|x64
		{8390DFD6-9D3B-43F8-A6A3-1FCB6D13BF5D}.Release|x86.ActiveCfg = Release|x64
		{8390DFD6-9D3B-43F8-A6A3-1FCB6D13BF5D}.Release|x86.Build.0 = Release|x64
		{86354361-2016-4CB7-81B0-A980A1480791}.Debug|x86.ActiveCfg = Debug|x86
		{86354361-2016-4CB7-81B0-A980A1480791}.Debug|x86.Build.0 = Debug|x86
		{86354361-2016-4CB7-81B0-A980A1480791}.Release|x86.ActiveCfg = Release|x86
		{86354361-2016-4CB7-81B0-A980A1480791}.Release|x86.Build.0 = Release|x86
		{8E795877-473B-4376-8F9C-2519464D6B18}.Debug|x86.ActiveCfg = Debug|x86
		{8E795877-473B-4376-8F9C-2519464D6B18}.Debug|x86.Build.0 = Debug|x86
		{8E795877-473B-4376-8F9C-2519464D6B18}.Release|x86.ActiveCfg = Release|x86
		{8E795877-473B-4376-8F9C-2519464D6B18}.Release|x86.Build.0 = Release|x86
		{A563904A-09F4-40AB-AE16-9EC9B488EAE5}.Debug|x64.Build.0 = Debug|x64
		{A563904A-09F4-40AB-AE16-9EC9B488EAE5}.Debug|x86.ActiveCfg = Debug|x86
		{A563904A-09F4-40AB-AE16-9EC9B488EAE5}.Debug|x86.Build.0 = Debug|x86
		{A563904A-09F4-40AB-AE16-9EC9B488EAE5}.Release|x86.ActiveCfg = Release|x86
		{A563904A-09F4-40AB-AE16-9EC9B488EAE5}.Release|x86.Build.0 = Release|x86
		{AB53862B-3B5C-4EFC-9787-1F01199EBFBF}.Debug|x64.ActiveCfg = Debug|x64
		{AB53862B-3B5C-4EFC-9787-1F01199EBFBF}.Debug|x64.Build.0 = Debug|x64
		{AB53862B-3B5C-4EFC-9787-1F01199EBFBF}.Debug|x86.ActiveCfg = Debug|x86
		{AB53862B-3B5C-4EFC-9787-1F01199EBFBF}.Debug|x86.Build.0 = Debug|x86
		{AB53862B-3B5C-4EFC-9787-1F01199EBFBF}.Release|x64.ActiveCfg = Release|x64
		{AB53862B-3B5C-4EFC-9787-1F01199EBFBF}.Release|x64.Build.0 = Release|x64
		{AB53862B-3B5C-4EFC-9787-1F01199EBFBF}.Release|x86.ActiveCfg = Release|x86
		{AB53862B-3B5C-4EFC-9787-1F01199EBFBF}.Release|x86.Build.0 = Release|x86
		{AF266E66-3B75-4C30-A000-6EBD6C1EF6F8}.Debug|x86.ActiveCfg = Debug|x86
		{AF266E66-3B75-4C30-A000-6EBD6C1EF6F8}.Debug|x86.Build.0 = Debug|x86
		{AF266E66-3B75-4C30-A000-6EBD6C1EF6F8}.Release|x86.ActiveCfg = Release|x86
		{AF266E66-3B75-4C30-A000-6EBD6C1EF6F8}.Release|x86.Build.0 = Release|x86
		{B02AB185-2D23-4903-9246-F32951F726D2}.Debug|x86.ActiveCfg = Debug|x86
		{B02AB185-2D23-4903-9246-F32951F726D2}.Debug|x86.Build.0 = Debug|x86
		{B02AB185-2D23-4903-9246-F32951F726D2}.Release|x86.ActiveCfg = Release|x86
		{B02AB185-2D23-4903-9246-F32951F726D2}.Release|x86.Build.0 = Release|x86
		{B9A68E47-237F-4045-A371-D5CCEB896F7F}.Debug|x64.ActiveCfg = Debug|x64
		{B9A68E47-237F-4045-A371-D5CCEB896F7F}.Debug|x64.Build.0 = Debug|x64
		{B9A68E47-237F-4045-A371-D5CCEB896F7F}.Debug|x86.ActiveCfg = Debug|x86
		{B9A68E47-237F-4045-A371-D5CCEB896F7F}.Debug|x86.Build.0 = Debug|x86
		{B9A68E47-237F-4045-A371-D5CCEB896F7F}.Release|x64.ActiveCfg = Release|x64
		{B9A68E47-237F-4045-A371-D5CCEB896F7F}.Release|x64.Build.0 = Release|x64
		{B9A68E47-237F-4045-A371-D5CCEB896F7F}.Release|x86.ActiveCfg = Release|x86
		{B9A68E47-237F-4045-A371-D5CCEB896F7F}.Release|x86.Build.0 = Release|x86
		{C33F2A0C-001E-446B-9291-0515DB0C8769}.Debug|x86.ActiveCfg = Debug|x64
		{C33F2A0C-001E-446B-9291-0515DB0C8769}.Debug|x86.Build.0 = Debug|x64
		{C33F2A0C-001E-446B-9291-0515DB0C8769}.Debug|x86.Deploy.0 = Debug|x64
		{C33F2A0C-001E-446B-9291-0515DB0C8769}.Release|x86.ActiveCfg = Release|x64
		{C33F2A0C-001E-446B-9291-0515DB0C8769}.Release|x86.Build.0 = Release|x64
		{C33F2A0C-001E-446B-9291-0515DB0C8769}.Release|x86.Deploy.0 = Release|x64
		{CA462E5D-8A32-42EA-9DBD-C256D22FDA21}.Debug|x86.ActiveCfg = Debug|x86
		{CA462E5D-8A32-42EA-9DBD-C256D22FDA21}.Debug|x86.Build.0 = Debug|x86
		{CA462E5D-8A32-42EA-9DBD-C256D22FDA21}.Release|x86.ActiveCfg = Release|x86
		{CA462E5D-8A32-42EA-9DBD-C256D22FDA21}.Release|x86.Build.0 = Release|x86
		{DE6016B0-780A-4003-879A-9A25B4E09FF0}.Debug|x86.ActiveCfg = Debug|x86
		{DE6016B0-780A-4003-879A-9A25B4E09FF0}.Debug|x86.Build.0 = Debug|x86
		{DE6016B0-780A-4003-879A-9A25B4E09FF0}.Release|x86.ActiveCfg = Release|x86
		{DE6016B0-780A-4003-879A-9A25B4E09FF0}.Release|x86.Build.0 = Release|x86
		{DF97D96B-DB03-44DE-8C59-DE14E1FAA2C2}.Debug|x86.ActiveCfg = Debug|x86
		{DF97D96B-DB03-44DE-8C59-DE14E1FAA2C2}.Debug|x86.Build.0 = Debug|x86
		{DF97D96B-DB03-44DE-8C59-DE14E1FAA2C2}.Release|x86.ActiveCfg = Release|x86
		{DF97D96B-DB03-44DE-8C59-DE14E1FAA2C2}.Release|x86.Build.0 = Release|x86
		{E23BE1E6-DC9D-4755-890E-443EA7B736FB}.Debug|x64.ActiveCfg = Debug|x64
		{E23BE1E6-DC9D-4755-890E-443EA7B736FB}.Debug|x64.Build.0 = Debug|x64
		{E23BE1E6-DC9D-4755-890E-443EA7B736FB}.Debug|x86.ActiveCfg = Debug|x86
		{E23BE1E6-DC9D-4755-890E-443EA7B736FB}.Debug|x86.Build.0 = Debug|x86
		{E23BE1E6-DC9D-4755-890E-443EA7B736FB}.Release|x64.ActiveCfg = Release|x64
		{E23BE1E6-DC9D-4755-890E-443EA7B736FB}.Release|x64.Build.0 = Release|x64
		{8E795877-473B-4376-8F9C-2519464D6B18}.Debug|x64.ActiveCfg = Debug|x64
		{8E795877-473B-4376-8F9C-2519464D6B18}.Debug|x64.Build.0 = Debug|x64
		{8E795877-473B-4376-8F9C-2519464D6B18}.Release|x64.ActiveCfg = Release|x64
		{8E795877-473B-4376-8F9C-2519464D6B18}.Release|x64.Build.0 = Release|x64
		{64A83DDB-3B66-46C5-8CCF-7A00173F8D3F}.Debug|x64.ActiveCfg = Debug|x64
		{64A83DDB-3B66-46C5-8CCF-7A00173F8D3F}.Debug|x64.Build.0 = Debug|x64
		{64A83DDB-3B66-46C5-8CCF-7A00173F8D3F}.Release|x64.ActiveCfg = Release|x64
		{64A83DDB-3B66-46C5-8CCF-7A00173F8D3F}.Release|x64.Build.0 = Release|x64
		{56B9A390-F320-4224-BFE3-380DDAC2370F}.Debug|x64.ActiveCfg = Debug|x64
		{56B9A390-F320-4224-BFE3-380DDAC2370F}.Debug|x64.Build.0 = Debug|x64
		{56B9A390-F320-4224-BFE3-380DDAC2370F}.Release|x64.ActiveCfg = Release|x64
		{56B9A390-F320-4224-BFE3-380DDAC2370F}.Release|x64.Build.0 = Release|x64
		{CA462E5D-8A32-42EA-9DBD-C256D22FDA21}.Debug|x64.ActiveCfg = Debug|x64
		{CA462E5D-8A32-42EA-9DBD-C256D22FDA21}.Debug|x64.Build.0 = Debug|x64
		{CA462E5D-8A32-42EA-9DBD-C256D22FDA21}.Release|x64.ActiveCfg = Release|x64
		{CA462E5D-8A32-42EA-9DBD-C256D22FDA21}.Release|x64.Build.0 = Release|x64
		{7D74973E-8B83-42D3-B2EA-795AA0076C9F}.Debug|x64.ActiveCfg = Debug|x64
		{7D74973E-8B83-42D3-B2EA-795AA0076C9F}.Debug|x64.Build.0 = Debug|x64
		{7D74973E-8B83-42D3-B2EA-795AA0076C9F}.Release|x64.ActiveCfg = Release|x64
		{7D74973E-8B83-42D3-B2EA-795AA0076C9F}.Release|x64.Build.0 = Release|x64
		{DF97D96B-DB03-44DE-8C59-DE14E1FAA2C2}.Debug|x64.ActiveCfg = Debug|x64
		{DF97D96B-DB03-44DE-8C59-DE14E1FAA2C2}.Debug|x64.Build.0 = Debug|x64
		{DF97D96B-DB03-44DE-8C59-DE14E1FAA2C2}.Release|x64.ActiveCfg = Release|x64
		{DF97D96B-DB03-44DE-8C59-DE14E1FAA2C2}.Release|x64.Build.0 = Release|x64
		{B02AB185-2D23-4903-9246-F32951F726D2}.Debug|x64.ActiveCfg = Debug|x64
		{B02AB185-2D23-4903-9246-F32951F726D2}.Debug|x64.Build.0 = Debug|x64
		{B02AB185-2D23-4903-9246-F32951F726D2}.Release|x64.ActiveCfg = Release|x64
		{B02AB185-2D23-4903-9246-F32951F726D2}.Release|x64.Build.0 = Release|x64
		{86354361-2016-4CB7-81B0-A980A1480791}.Debug|x64.ActiveCfg = Debug|x64
		{86354361-2016-4CB7-81B0-A980A1480791}.Debug|x64.Build.0 = Debug|x64
		{86354361-2016-4CB7-81B0-A980A1480791}.Release|x64.ActiveCfg = Release|x64
		{86354361-2016-4CB7-81B0-A980A1480791}.Release|x64.Build.0 = Release|x64
		{DE6016B0-780A-4003-879A-9A25B4E09FF0}.Debug|x64.ActiveCfg = Debug|x64
		{DE6016B0-780A-4003-879A-9A25B4E09FF0}.Debug|x64.Build.0 = Debug|x64
		{DE6016B0-780A-4003-879A-9A25B4E09FF0}.Release|x64.ActiveCfg = Release|x64
		{DE6016B0-780A-4003-879A-9A25B4E09FF0}.Release|x64.Build.0 = Release|x64
		{39B96905-9022-433C-96DB-E51F316F025D}.Debug|x64.ActiveCfg = Debug|x64
		{39B96905-9022-433C-96DB-E51F316F025D}.Debug|x64.Build.0 = Debug|x64
		{39B96905-9022-433C-96DB-E51F316F025D}.Release|x64.ActiveCfg = Release|x64
		{39B96905-9022-433C-96DB-E51F316F025D}.Release|x64.Build.0 = Release|x64
		{40253A99-C2A7-42B2-A983-FC1956578430}.Debug|x64.ActiveCfg = Debug|x64
		{40253A99-C2A7-42B2-A983-FC1956578430}.Debug|x64.Build.0 = Debug|x64
		{40253A99-C2A7-42B2-A983-FC1956578430}.Release|x64.ActiveCfg = Release|x64
		{40253A99-C2A7-42B2-A983-FC1956578430}.Release|x64.Build.0 = Release|x64
		{AF266E66-3B75-4C30-A000-6EBD6C1EF6F8}.Debug|x64.ActiveCfg = Debug|x64
		{AF266E66-3B75-4C30-A000-6EBD6C1EF6F8}.Debug|x64.Build.0 = Debug|x64
		{AF266E66-3B75-4C30-A000-6EBD6C1EF6F8}.Release|x64.ActiveCfg = Release|x64
		{AF266E66-3B75-4C30-A000-6EBD6C1EF6F8}.Release|x64.Build.0 = Release|x64
		{7C7F0062-5FF4-4343-846E-97702C6E6577}.Debug|x64.ActiveCfg = Debug|x64
		{7C7F0062-5FF4-4343-846E-97702C6E6577}.Debug|x64.Build.0 = Debug|x64
		{7C7F0062-5FF4-4343-846E-97702C6E6577}.Debug|x64.Deploy.0 = Debug|x64
		{7C7F0062-5FF4-4343-846E-97702C6E6577}.Release|x64.ActiveCfg = Release|x64
		{7C7F0062-5FF4-4343-846E-97702C6E6577}.Release|x64.Build.0 = Release|x64
		{7C7F0062-5FF4-4343-846E-97702C6E6577}.Release|x64.Deploy.0 = Release|x64
		{C33F2A0C-001E-446B-9291-0515DB0C8769}.Debug|x64.ActiveCfg = Debug|x64
		{C33F2A0C-001E-446B-9291-0515DB0C8769}.Debug|x64.Build.0 = Debug|x64
		{C33F2A0C-001E-446B-9291-0515DB0C8769}.Debug|x64.Deploy.0 = Debug|x64
		{C33F2A0C-001E-446B-9291-0515DB0C8769}.Release|x64.ActiveCfg = Release|x64
		{C33F2A0C-001E-446B-9291-0515DB0C8769}.Release|x64.Build.0 = Release|x64
		{C33F2A0C-001E-446B-9291-0515DB0C8769}.Release|x64.Deploy.0 = Release|x64
		{70058B57-2AC6-4E19-BB15-33E577C99C48}.Debug|x64.ActiveCfg = Debug|x64
		{70058B57-2AC6-4E19-BB15-33E577C99C48}.Debug|x64.Build.0 = Debug|x64
		{70058B57-2AC6-4E19-BB15-33E577C99C48}.Debug|x64.Deploy.0 = Debug|x64
		{70058B57-2AC6-4E19-BB15-33E577C99C48}.Release|x64.ActiveCfg = Release|x64
		{70058B57-2AC6-4E19-BB15-33E577C99C48}.Release|x64.Build.0 = Release|x64
		{70058B57-2AC6-4E19-BB15-33E577C99C48}.Release|x64.Deploy.0 = Release|x64
		{E23BE1E6-DC9D-4755-890E-443EA7B736FB}.Release|x86.ActiveCfg = Release|x86
		{E23BE1E6-DC9D-4755-890E-443EA7B736FB}.Release|x86.Build.0 = Release|x86
		{E64D63C1-559F-4D4B-A140-24036FE67246}.Debug|x64.ActiveCfg = Debug|Win32
		{E64D63C1-559F-4D4B-A140-24036FE67246}.Debug|x64.Build.0 = Debug|Win32
		{E64D63C1-559F-4D4B-A140-24036FE67246}.Debug|x86.ActiveCfg = Debug|Win32
		{E64D63C1-559F-4D4B-A140-24036FE67246}.Debug|x86.Build.0 = Debug|Win32
		{E64D63C1-559F-4D4B-A140-24036FE67246}.Release|x64.ActiveCfg = Release|Win32
		{E64D63C1-559F-4D4B-A140-24036FE67246}.Release|x64.Build.0 = Release|Win32
		{47300078-8EE5-46C3-AC98-8F72F7A22F4D}.Debug|x64.ActiveCfg = Debug|x64
		{47300078-8EE5-46C3-AC98-8F72F7A22F4D}.Release|x64.ActiveCfg = Release|x64
		{47300078-8EE5-46C3-AC98-8F72F7A22F4D}.Release|x64.Build.0 = Release|x64
		{A563904A-09F4-40AB-AE16-9EC9B488EAE5}.Debug|x64.ActiveCfg = Debug|x64
		{A563904A-09F4-40AB-AE16-9EC9B488EAE5}.Release|x64.ActiveCfg = Release|x64
		{A563904A-09F4-40AB-AE16-9EC9B488EAE5}.Release|x64.Build.0 = Release|x64
		{E64D63C1-559F-4D4B-A140-24036FE67246}.Release|x86.ActiveCfg = Release|Win32
		{E64D63C1-559F-4D4B-A140-24036FE67246}.Release|x86.Build.0 = Release|Win32
	EndGlobalSection
	GlobalSection(SolutionProperties) = preSolution
		HideSolutionNode = FALSE
	EndGlobalSection
	GlobalSection(NestedProjects) = preSolution
		{5C0188F2-57BE-4CB1-BA64-17A37106735E} = {9AA72FC5-310D-4EE3-8CB3-12167230C8D1}
		{8390DFD6-9D3B-43F8-A6A3-1FCB6D13BF5D} = {E515AB90-A9B5-4812-8F78-1E1E0DEDF095}
		{AB53862B-3B5C-4EFC-9787-1F01199EBFBF} = {E515AB90-A9B5-4812-8F78-1E1E0DEDF095}
		{B9A68E47-237F-4045-A371-D5CCEB896F7F} = {E515AB90-A9B5-4812-8F78-1E1E0DEDF095}
		{E23BE1E6-DC9D-4755-890E-443EA7B736FB} = {9F98E09E-FA05-41A1-8931-8DEBC656123F}
		{8E795877-473B-4376-8F9C-2519464D6B18} = {5C0188F2-57BE-4CB1-BA64-17A37106735E}
		{64A83DDB-3B66-46C5-8CCF-7A00173F8D3F} = {5C0188F2-57BE-4CB1-BA64-17A37106735E}
		{56B9A390-F320-4224-BFE3-380DDAC2370F} = {5C0188F2-57BE-4CB1-BA64-17A37106735E}
		{CA462E5D-8A32-42EA-9DBD-C256D22FDA21} = {5C0188F2-57BE-4CB1-BA64-17A37106735E}
		{7D74973E-8B83-42D3-B2EA-795AA0076C9F} = {5C0188F2-57BE-4CB1-BA64-17A37106735E}
		{DF97D96B-DB03-44DE-8C59-DE14E1FAA2C2} = {9F98E09E-FA05-41A1-8931-8DEBC656123F}
		{B02AB185-2D23-4903-9246-F32951F726D2} = {A5B9FE41-4CA2-4FAF-80C9-EF21A408911D}
		{86354361-2016-4CB7-81B0-A980A1480791} = {A5B9FE41-4CA2-4FAF-80C9-EF21A408911D}
		{A563904A-09F4-40AB-AE16-9EC9B488EAE5} = {E515AB90-A9B5-4812-8F78-1E1E0DEDF095}
		{DE6016B0-780A-4003-879A-9A25B4E09FF0} = {8F65BAF3-1731-4D6E-B31F-48EB23B219CB}
		{47300078-8EE5-46C3-AC98-8F72F7A22F4D} = {9AA72FC5-310D-4EE3-8CB3-12167230C8D1}
		{8F65BAF3-1731-4D6E-B31F-48EB23B219CB} = {9AA72FC5-310D-4EE3-8CB3-12167230C8D1}
		{39B96905-9022-433C-96DB-E51F316F025D} = {8F65BAF3-1731-4D6E-B31F-48EB23B219CB}
		{40253A99-C2A7-42B2-A983-FC1956578430} = {8F65BAF3-1731-4D6E-B31F-48EB23B219CB}
		{AF266E66-3B75-4C30-A000-6EBD6C1EF6F8} = {8F65BAF3-1731-4D6E-B31F-48EB23B219CB}
		{EB81D9AA-F69A-4E03-BC6B-18379F7F714C} = {786595AD-3403-4D91-B756-1900D6F43AE9}
		{621DCCF4-E5C7-4272-AEC7-D39B01A43CD4} = {EB81D9AA-F69A-4E03-BC6B-18379F7F714C}
		{A5B9FE41-4CA2-4FAF-80C9-EF21A408911D} = {9AA72FC5-310D-4EE3-8CB3-12167230C8D1}
		{9F98E09E-FA05-41A1-8931-8DEBC656123F} = {9AA72FC5-310D-4EE3-8CB3-12167230C8D1}
		{7C7F0062-5FF4-4343-846E-97702C6E6577} = {11721CC8-4BC7-4399-A6D5-F0414E7FC6D0}
		{C33F2A0C-001E-446B-9291-0515DB0C8769} = {815F6BE3-83F9-407C-AE1C-B7B3686D804B}
		{70058B57-2AC6-4E19-BB15-33E577C99C48} = {815F6BE3-83F9-407C-AE1C-B7B3686D804B}
		{815F6BE3-83F9-407C-AE1C-B7B3686D804B} = {11721CC8-4BC7-4399-A6D5-F0414E7FC6D0}
		{E64D63C1-559F-4D4B-A140-24036FE67246} = {E515AB90-A9B5-4812-8F78-1E1E0DEDF095}
	EndGlobalSection
	GlobalSection(ExtensibilityGlobals) = postSolution
		SolutionGuid = {624A0DF0-58AD-4D9B-BBDE-9E6B60F447D8}
	EndGlobalSection
EndGlobal
CB7-81B0-A980A1480791}.Release|x64.Build.0 = Release|x64
		{DE6016B0-780A-4003-879A-9A25B4E09FF0}.Debug|x64.ActiveCfg = Debug|x64
		{DE6016B0-780A-4003-879A-9A25B4E09FF0}.Debug|x64.Build.0 = Debug|x64
		{DE6016B0-780A-4003-879A-9A25B4E09FF0}.Release|x64.ActiveCfg = Release|x64
		{DE6016B0-780A-4003-879A-9A25B4E09FF0}.Release|x64.Build.0 = Release|x64
		{39B96905-9022-433C-96DB-E51F316F025D}.Debug|x64.ActiveCfg = Debug|x64
		{39B96905-9022-433C-96DB-E51F316F025D}.Debug|x64.Build.0 = Debug|x64
		{39B96905-9022-433C-96DB-E51F316F025D}.Release|x64.ActiveCfg = Release|x64
		{39B96905-9022-433C-96DB-E51F316F025D}.Release|x64.Build.0 = Release|x64
		{40253A99-C2A7-42B2-A983-FC1956578430}.Debug|x64.ActiveCfg = Debug|x64
		{40253A99-C2A7-42B2-A983-FC1956578430}.Debug|x64.Build.0 = Debug|x64
		{40253A99-C2A7-42B2-A983-FC1956578430}.Release|x64.ActiveCfg = Release|x64
		{40253A99-C2A7-42B2-A983-FC1956578430}.Release|x64.Build.0 = Release|x64
		{AF266E66-3B75-4C30-A000-6EBD6C1EF6F8}.Debug|x64.ActiveCfg = Debug|x64
		{AF266E66-3B75-4C30-A000-6EBD6C1EF6F8}.Debug|x64.Build.0 = Debug|x64
		{AF266E66-3B75-4C30-A000-6EBD6C1EF6F8}.Release|x64.ActiveCfg = Release|x64
		{AF266E66-3B75-4C30-A000-6EBD6C1EF6F8}.Release|x64.Build.0 = Release|x64
		{7C7F0062-5FF4-4343-846E-97702C6E6577}.Debug|x64.ActiveCfg = Debug|x64
		{7C7F0062-5FF4-4343-846E-97702C6E6577}.Debug|x64.Build.0 = Debug|x64
		{7C7F0062-5FF4-4343-846E-97702C6E6577}.Debug|x64.Deploy.0 = Debug|x64
		{7C7F0062-5FF4-4343-846E-97702C6E6577}.Release|x64.ActiveCfg = Release|x64
		{7C7F0062-5FF4-4343-846E-97702C6E6577}.Release|x64.Build.0 = Release|x64
		{7C7F0062-5FF4-4343-846E-97702C6E6577}.Release|x64.Deploy.0 = Release|x64
		{C33F2A0C-001E-446B-9291-0515DB0C8769}.Debug|x64.ActiveCfg = Debug|x64
		{C33F2A0C-001E-446B-9291-0515DB0C8769}.Debug|x64.Build.0 = Debug|x64
		{C33F2A0C-001E-446B-9291-0515DB0C8769}.Debug|x64.Deploy.0 = Debug|x64
		{C33F2A0C-001E-446B-9291-0515DB0C8769}.Release|x64.ActiveCfg = Release|x64
		{C33F2A0C-001E-446B-9291-0515DB0C8769}.Release|x64.Build.0 = Release|x64
		{C33F2A0C-001E-446B-9291-0515DB0C8769}.Release|x64.Deploy.0 = Release|x64
		{70058B57-2AC6-4E19-BB15-33E577C99C48}.Debug|x64.ActiveCfg = Debug|x64
		{70058B57-2AC6-4E19-BB15-33E577C99C48}.Debug|x64.Build.0 = Debug|x64
		{70058B57-2AC6-4E19-BB15-33E577C99C48}.Debug|x64.Deploy.0 = Debug|x64
		{70058B57-2AC6-4E19-BB15-33E577C99C48}.Release|x64.ActiveCfg = Release|x64
		{70058B57-2AC6-4E19-BB15-33E577C99C48}.Release|x64.Build.0 = Release|x64
		{70058B57-2AC6-4E19-BB15-33E577C99C48}.Release|x64.Deploy.0 = Release|x64
		{E23BE1E6-DC9D-4755-890E-443EA7B736FB}.Release|x86.ActiveCfg = Release|x86
		{E23BE1E6-DC9D-4755-890E-443EA7B736FB}.Release|x86.Build.0 = Release|x86
		{E64D63C1-559F-4D4B-A140-24036FE67246}.Debug|Any CPU.ActiveCfg = Debug|Win32
		{E64D63C1-559F-4D4B-A140-24036FE67246}.Debug|Any CPU.Build.0 = Debug|Win32
		{E64D63C1-559F-4D4B-A140-24036FE67246}.Debug|x64.ActiveCfg = Debug|Win32
		{E64D63C1-559F-4D4B-A140-24036FE67246}.Debug|x64.Build.0 = Debug|Win32
		{E64D63C1-559F-4D4B-A140-24036FE67246}.Debug|x86.ActiveCfg = Debug|Win32
		{E64D63C1-559F-4D4B-A140-24036FE67246}.Debug|x86.Build.0 = Debug|Win32
		{E64D63C1-559F-4D4B-A140-24036FE67246}.Release|Any CPU.ActiveCfg = Release|Win32
		{E64D63C1-559F-4D4B-A140-24036FE67246}.Release|Any CPU.Build.0 = Release|Win32
		{E64D63C1-559F-4D4B-A140-24036FE67246}.Release|x64.ActiveCfg = Release|Win32
		{E64D63C1-559F-4D4B-A140-24036FE67246}.Release|x64.Build.0 = Release|Win32
		{8390DFD6-9D3B-43F8-A6A3-1FCB6D13BF5D}.Debug|x64.ActiveCfg = Debug|x64
		{8390DFD6-9D3B-43F8-A6A3-1FCB6D13BF5D}.Debug|x64.Build.0 = Debug|x64
		{8390DFD6-9D3B-43F8-A6A3-1FCB6D13BF5D}.Release|x64.ActiveCfg = Release|x64
		{8390DFD6-9D3B-43F8-A6A3-1FCB6D13BF5D}.Release|x64.Build.0 = Release|x64
		{47300078-8EE5-46C3-AC98-8F72F7A22F4D}.Debug|x64.ActiveCfg = Debug|x64
		{47300078-8EE5-46C3-AC98-8F72F7A22F4D}.Release|x64.ActiveCfg = Release|x64
		{47300078-8EE5-46C3-AC98-8F72F7A22F4D}.Release|x64.Build.0 = Release|x64
		{A563904A-09F4-40AB-AE16-9EC9B488EAE5}.Debug|x64.ActiveCfg = Debug|x64
		{A563904A-09F4-40AB-AE16-9EC9B488EAE5}.Release|x64.ActiveCfg = Release|x64
		{A563904A-09F4-40AB-AE16-9EC9B488EAE5}.Release|x64.Build.0 = Release|x64
		{E64D63C1-559F-4D4B-A140-24036FE67246}.Release|x86.ActiveCfg = Release|Win32
		{E64D63C1-559F-4D4B-A140-24036FE67246}.Release|x86.Build.0 = Release|Win32
	EndGlobalSection
	GlobalSection(SolutionProperties) = preSolution
		HideSolutionNode = FALSE
	EndGlobalSection
	GlobalSection(NestedProjects) = preSolution
		{5C0188F2-57BE-4CB1-BA64-17A37106735E} = {9AA72FC5-310D-4EE3-8CB3-12167230C8D1}
		{AB53862B-3B5C-4EFC-9787-1F01199EBFBF} = {E515AB90-A9B5-4812-8F78-1E1E0DEDF095}
		{B9A68E47-237F-4045-A371-D5CCEB896F7F} = {E515AB90-A9B5-4812-8F78-1E1E0DEDF095}
		{E23BE1E6-DC9D-4755-890E-443EA7B736FB} = {9F98E09E-FA05-41A1-8931-8DEBC656123F}
		{8E795877-473B-4376-8F9C-2519464D6B18} = {5C0188F2-57BE-4CB1-BA64-17A37106735E}
		{64A83DDB-3B66-46C5-8CCF-7A00173F8D3F} = {5C0188F2-57BE-4CB1-BA64-17A37106735E}
		{56B9A390-F320-4224-BFE3-380DDAC2370F} = {5C0188F2-57BE-4CB1-BA64-17A37106735E}
		{CA462E5D-8A32-42EA-9DBD-C256D22FDA21} = {5C0188F2-57BE-4CB1-BA64-17A37106735E}
		{7D74973E-8B83-42D3-B2EA-795AA0076C9F} = {5C0188F2-57BE-4CB1-BA64-17A37106735E}
		{DF97D96B-DB03-44DE-8C59-DE14E1FAA2C2} = {9F98E09E-FA05-41A1-8931-8DEBC656123F}
		{B02AB185-2D23-4903-9246-F32951F726D2} = {A5B9FE41-4CA2-4FAF-80C9-EF21A408911D}
		{86354361-2016-4CB7-81B0-A980A1480791} = {A5B9FE41-4CA2-4FAF-80C9-EF21A408911D}
		{A563904A-09F4-40AB-AE16-9EC9B488EAE5} = {E515AB90-A9B5-4812-8F78-1E1E0DEDF095}
		{DE6016B0-780A-4003-879A-9A25B4E09FF0} = {8F65BAF3-1731-4D6E-B31F-48EB23B219CB}
		{47300078-8EE5-46C3-AC98-8F72F7A22F4D} = {9AA72FC5-310D-4EE3-8CB3-12167230C8D1}
		{8F65BAF3-1731-4D6E-B31F-48EB23B219CB} = {9AA72FC5-310D-4EE3-8CB3-12167230C8D1}
		{39B96905-9022-433C-96DB-E51F316F025D} = {8F65BAF3-1731-4D6E-B31F-48EB23B219CB}
		{40253A99-C2A7-42B2-A983-FC1956578430} = {8F65BAF3-1731-4D6E-B31F-48EB23B219CB}
		{AF266E66-3B75-4C30-A000-6EBD6C1EF6F8} = {8F65BAF3-1731-4D6E-B31F-48EB23B219CB}
		{EB81D9AA-F69A-4E03-BC6B-18379F7F714C} = {786595AD-3403-4D91-B756-1900D6F43AE9}
		{621DCCF4-E5C7-4272-AEC7-D39B01A43CD4} = {EB81D9AA-F69A-4E03-BC6B-18379F7F714C}
		{A5B9FE41-4CA2-4FAF-80C9-EF21A408911D} = {9AA72FC5-310D-4EE3-8CB3-12167230C8D1}
		{9F98E09E-FA05-41A1-8931-8DEBC656123F} = {9AA72FC5-310D-4EE3-8CB3-12167230C8D1}
		{7C7F0062-5FF4-4343-846E-97702C6E6577} = {11721CC8-4BC7-4399-A6D5-F0414E7FC6D0}
		{C33F2A0C-001E-446B-9291-0515DB0C8769} = {815F6BE3-83F9-407C-AE1C-B7B3686D804B}
		{70058B57-2AC6-4E19-BB15-33E577C99C48} = {815F6BE3-83F9-407C-AE1C-B7B3686D804B}
		{815F6BE3-83F9-407C-AE1C-B7B3686D804B} = {11721CC8-4BC7-4399-A6D5-F0414E7FC6D0}
		{E64D63C1-559F-4D4B-A140-24036FE67246} = {E515AB90-A9B5-4812-8F78-1E1E0DEDF095}
		{8390DFD6-9D3B-43F8-A6A3-1FCB6D13BF5D} = {E515AB90-A9B5-4812-8F78-1E1E0DEDF095}
	EndGlobalSection
	GlobalSection(ExtensibilityGlobals) = postSolution
		SolutionGuid = {624A0DF0-58AD-4D9B-BBDE-9E6B60F447D8}
	EndGlobalSection
EndGlobal
