{
  "version": 1,
  "dependencies": {
    ".NETFramework,Version=v4.8": {
      "JetBrains.Annotations": {
        "type": "Transitive",
        "resolved": "2023.3.0",
        "contentHash": "PHfnvdBUdGaTVG9bR/GEfxgTwWM0Z97Y6X3710wiljELBISipSfF5okn/vz+C2gfO+ihoEyVPjaJwn8ZalVukA=="
      },
      "easyhook": {
        "type": "Project",
        "dependencies": {
          "JetBrains.Annotations": "[2023.3.0, )"
        }
      },
      "processmonitor": {
        "type": "Project",
        "dependencies": {
          "EasyHook": "[1.0.0, )"
        }
      }
    },
    ".NETFramework,Version=v4.8/win": {},
    ".NETFramework,Version=v4.8/win-x64": {},
    ".NETFramework,Version=v4.8/win-x86": {}
  }
}