{
  "version": 1,
  "dependencies": {
    ".NETFramework,Version=v4.8": {
      "System.Data.DataSetExtensions": {
        "type": "Direct",
        "requested": "[4.5.0, )",
        "resolved": "4.5.0",
        "contentHash": "221clPs1445HkTBZPL+K9sDBdJRB8UN8rgjO3ztB0CQ26z//fmJXtlsr6whGatscsKGBrhJl5bwJuKSA8mwFOw=="
      },
      "JetBrains.Annotations": {
        "type": "Transitive",
        "resolved": "2023.3.0",
        "contentHash": "PHfnvdBUdGaTVG9bR/GEfxgTwWM0Z97Y6X3710wiljELBISipSfF5okn/vz+C2gfO+ihoEyVPjaJwn8ZalVukA=="
      },
      "easyhook": {
        "type": "Project",
        "dependencies": {
          "JetBrains.Annotations": "[2023.3.0, )"
        }
      }
    },
    ".NETFramework,Version=v4.8/win": {},
    ".NETFramework,Version=v4.8/win-x64": {},
    ".NETFramework,Version=v4.8/win-x86": {}
  }
}